<?xml version="1.0" encoding="utf-8"?>
<Project ToolsVersion="4.0" xmlns="http://schemas.microsoft.com/developer/msbuild/2003">
  <ItemGroup>
    <Filter Include="shaders">
      <UniqueIdentifier>{0d4492f9-5a78-4674-b165-300287b27099}</UniqueIdentifier>
    </Filter>
    <Filter Include="include">
      <UniqueIdentifier>{a8e85c56-72dd-41e2-bb56-c800da23abd9}</UniqueIdentifier>
    </Filter>
    <Filter Include="src">
      <UniqueIdentifier>{4FC737F1-C7A5-4376-A066-2A32D752A2FF}</UniqueIdentifier>
      <Extensions>cpp;c;cc;cxx;c++;cppm;ixx;def;odl;idl;hpj;bat;asm;asmx</Extensions>
    </Filter>
    <Filter Include="Texture">
      <UniqueIdentifier>{24ed625e-8c39-435c-9606-63d00313cbd8}</UniqueIdentifier>
    </Filter>
    <Filter Include="Texture\SkyBox">
      <UniqueIdentifier>{5b04477c-5695-466c-9333-75102af30c5c}</UniqueIdentifier>
    </Filter>
  </ItemGroup>
  <ItemGroup>
    <None Include="shaders\fragment.glsl">
      <Filter>shaders</Filter>
    </None>
    <None Include="shaders\skybox_fragment.glsl">
      <Filter>shaders</Filter>
    </None>
    <None Include="shaders\skybox_vertex.glsl">
      <Filter>shaders</Filter>
    </None>
    <None Include="shaders\vertex.glsl">
      <Filter>shaders</Filter>
    </None>
    <None Include="src\Terrain Generation and Weather Control System.vcxproj">
      <Filter>src</Filter>
    </None>
  </ItemGroup>
  <ItemGroup>
    <Image Include="textures\grass.jpg">
      <Filter>Texture</Filter>
    </Image>
    <Image Include="textures\rock.jpg">
      <Filter>Texture</Filter>
    </Image>
    <Image Include="textures\snow.jpg">
      <Filter>Texture</Filter>
    </Image>
    <Image Include="textures\trerrain.jpg">
      <Filter>Texture</Filter>
    </Image>
    <Image Include="textures\Skybox\back.jpg">
      <Filter>Texture\SkyBox</Filter>
    </Image>
    <Image Include="textures\Skybox\bottom.jpg">
      <Filter>Texture\SkyBox</Filter>
    </Image>
    <Image Include="textures\Skybox\front.jpg">
      <Filter>Texture\SkyBox</Filter>
    </Image>
    <Image Include="textures\Skybox\left.jpg">
      <Filter>Texture\SkyBox</Filter>
    </Image>
    <Image Include="textures\Skybox\right.jpg">
      <Filter>Texture\SkyBox</Filter>
    </Image>
    <Image Include="textures\Skybox\top.jpg">
      <Filter>Texture\SkyBox</Filter>
    </Image>
  </ItemGroup>
  <ItemGroup>
    <ClCompile Include="src\ParticleShader.cpp">
      <Filter>src</Filter>
    </ClCompile>
    <ClCompile Include="src\ParticleSystem.cpp">
      <Filter>src</Filter>
    </ClCompile>
    <ClCompile Include="src\Skybox.cpp">
      <Filter>src</Filter>
    </ClCompile>
    <ClCompile Include="src\Terrain.cpp">
      <Filter>src</Filter>
    </ClCompile>
    <ClCompile Include="src\TextureLoader.cpp">
      <Filter>src</Filter>
    </ClCompile>
    <ClCompile Include="src\Camera.cpp">
      <Filter>src</Filter>
    </ClCompile>
    <ClCompile Include="src\glad.c">
      <Filter>src</Filter>
    </ClCompile>
    <ClCompile Include="src\LoadShaders.cpp">
      <Filter>src</Filter>
    </ClCompile>
    <ClCompile Include="src\main.cpp">
      <Filter>src</Filter>
    </ClCompile>
    <ClCompile Include="src\MenuManager.cpp">
      <Filter>src</Filter>
    </ClCompile>
  </ItemGroup>
  <ItemGroup>
    <ClInclude Include="include\MenuManager.h">
      <Filter>include</Filter>
    </ClInclude>
    <ClInclude Include="include\Particle.h">
      <Filter>include</Filter>
    </ClInclude>
    <ClInclude Include="include\ParticleShader.h">
      <Filter>include</Filter>
    </ClInclude>
    <ClInclude Include="include\ParticleSystem.h">
      <Filter>include</Filter>
    </ClInclude>
    <ClInclude Include="include\Skybox.h">
      <Filter>include</Filter>
    </ClInclude>
    <ClInclude Include="include\Terrain.h">
      <Filter>include</Filter>
    </ClInclude>
    <ClInclude Include="include\TextureLoader.h">
      <Filter>include</Filter>
    </ClInclude>
    <ClInclude Include="include\Camera.h">
      <Filter>include</Filter>
    </ClInclude>
    <ClInclude Include="include\LoadShaders.h">
      <Filter>include</Filter>
    </ClInclude>
  </ItemGroup>
</Project>