<?xml version="1.0" encoding="utf-8"?>
<Project ToolsVersion="4.0" xmlns="http://schemas.microsoft.com/developer/msbuild/2003">
  <ItemGroup>
    <Filter Include="shaders">
      <UniqueIdentifier>{0d4492f9-5a78-4674-b165-300287b27099}</UniqueIdentifier>
    </Filter>
    <Filter Include="include">
      <UniqueIdentifier>{a8e85c56-72dd-41e2-bb56-c800da23abd9}</UniqueIdentifier>
    </Filter>
    <Filter Include="src">
      <UniqueIdentifier>{4FC737F1-C7A5-4376-A066-2A32D752A2FF}</UniqueIdentifier>
      <Extensions>cpp;c;cc;cxx;c++;cppm;ixx;def;odl;idl;hpj;bat;asm;asmx</Extensions>
    </Filter>
    <Filter Include="Texture">
      <UniqueIdentifier>{24ed625e-8c39-435c-9606-63d00313cbd8}</UniqueIdentifier>
    </Filter>
    <Filter Include="Weather">
      <UniqueIdentifier>{581cd4ba-f678-46e6-98ad-a0e1cbf34ca6}</UniqueIdentifier>
    </Filter>
  </ItemGroup>
  <ItemGroup>
    <ClCompile Include="main.cpp">
      <Filter>src</Filter>
    </ClCompile>
    <ClCompile Include="Camera.cpp">
      <Filter>src</Filter>
    </ClCompile>
    <ClCompile Include="LoadShaders.cpp">
      <Filter>shaders</Filter>
    </ClCompile>
    <ClCompile Include="TextureLoader.cpp">
      <Filter>Texture</Filter>
    </ClCompile>
    <ClCompile Include="Terrain.cpp">
      <Filter>src</Filter>
    </ClCompile>
    <ClCompile Include="glad.c">
      <Filter>src</Filter>
    </ClCompile>
    <ClCompile Include="MenuManager.cpp">
      <Filter>src</Filter>
    </ClCompile>
    <ClCompile Include="Skybox.cpp">
      <Filter>src</Filter>
    </ClCompile>
    <ClCompile Include="ParticleSystem.cpp">
      <Filter>Weather</Filter>
    </ClCompile>
    <ClCompile Include="ParticleShader.cpp">
      <Filter>shaders</Filter>
    </ClCompile>
  </ItemGroup>
  <ItemGroup>
    <ClInclude Include="Camera.h">
      <Filter>include</Filter>
    </ClInclude>
    <ClInclude Include="LoadShaders.h">
      <Filter>shaders</Filter>
    </ClInclude>
    <ClInclude Include="TextureLoader.h">
      <Filter>Texture</Filter>
    </ClInclude>
    <ClInclude Include="Terrain.h">
      <Filter>include</Filter>
    </ClInclude>
    <ClInclude Include="MenuManager.h">
      <Filter>include</Filter>
    </ClInclude>
    <ClInclude Include="Skybox.h">
      <Filter>include</Filter>
    </ClInclude>
    <ClInclude Include="Particle.h">
      <Filter>Weather</Filter>
    </ClInclude>
    <ClInclude Include="ParticleSystem.h">
      <Filter>Weather</Filter>
    </ClInclude>
    <ClInclude Include="ParticleShader.h">
      <Filter>shaders</Filter>
    </ClInclude>
  </ItemGroup>
</Project>